
Microsoft Visual Studio Solution File, Format Version 12.00
# Visual Studio 14
VisualStudioVersion = 14.0.25420.1
MinimumVisualStudioVersion = 10.0.40219.1
Project("{FAE04EC0-301F-11D3-BF4B-00C04F79EFBC}") = "api-marcelo", "api-marcelo\api-marcelo.csproj", "{F4BE088C-784F-4752-9F7B-1661F4516876}"
EndProject
Global
	GlobalSection(SolutionConfigurationPlatforms) = preSolution
		Debug|Any CPU = Debug|Any CPU
		Release|Any CPU = Release|Any CPU
	EndGlobalSection
	GlobalSection(ProjectConfigurationPlatforms) = postSolution
		{F4BE088C-784F-4752-9F7B-1661F4516876}.Debug|Any CPU.ActiveCfg = Debug|Any CPU
		{F4BE088C-784F-4752-9F7B-1661F4516876}.Debug|Any CPU.Build.0 = Debug|Any CPU
		{F4BE088C-784F-4752-9F7B-1661F4516876}.Release|Any CPU.ActiveCfg = Release|Any CPU
		{F4BE088C-784F-4752-9F7B-1661F4516876}.Release|Any CPU.Build.0 = Release|Any CPU
	EndGlobalSection
	GlobalSection(SolutionProperties) = preSolution
		HideSolutionNode = FALSE
	EndGlobalSection
EndGlobal
